
Microsoft Visual Studio Solution File, Format Version 12.00
# Visual Studio Version 17
VisualStudioVersion = 17.3.32929.385
MinimumVisualStudioVersion = 10.0.40219.1
Project("{9A19103F-16F7-4668-BE54-9A1E7A4F7556}") = "Problem-1520A", "Problem-1520A\Problem-1520A.csproj", "{39C29D9D-65E2-44EA-AD0A-AC084CA1C164}"
EndProject
Project("{9A19103F-16F7-4668-BE54-9A1E7A4F7556}") = "Problem-1760A", "Problem-1760A\Problem-1760A.csproj", "{18B9CC6C-0795-438E-8508-BC4BDD2B3D7F}"
EndProject
Project("{9A19103F-16F7-4668-BE54-9A1E7A4F7556}") = "Problem-1154A", "Problem-1154A\Problem-1154A.csproj", "{55DC3A6E-3BDB-481E-A7EF-E05E5A6AC130}"
EndProject
Project("{9A19103F-16F7-4668-BE54-9A1E7A4F7556}") = "Problem-479A", "Problem-479A\Problem-479A.csproj", "{0151C73D-2992-4161-A4DE-33BC59127BEB}"
EndProject
Project("{9A19103F-16F7-4668-BE54-9A1E7A4F7556}") = "Problem-451A", "Problem-451A\Problem-451A.csproj", "{ECBBCE94-6BF8-407A-BACE-A5DAA7A91DB1}"
EndProject
Project("{9A19103F-16F7-4668-BE54-9A1E7A4F7556}") = "Problem-978B", "Problem-978B\Problem-978B.csproj", "{C23DEA14-7D3A-4F07-9972-438C929D138B}"
EndProject
Project("{9A19103F-16F7-4668-BE54-9A1E7A4F7556}") = "Problem-1791A", "Problem-1791A\Problem-1791A.csproj", "{E1334093-39F1-4C47-8AEC-6B6CB864D989}"
EndProject
Project("{9A19103F-16F7-4668-BE54-9A1E7A4F7556}") = "Problem-131A", "Problem-131A\Problem-131A.csproj", "{5901E583-BC42-4A6B-807E-757604665356}"
EndProject
Project("{9A19103F-16F7-4668-BE54-9A1E7A4F7556}") = "Problem-749A", "Problem-749A\Problem-749A.csproj", "{2D6EFE57-4955-42A3-BA01-9408F93181B4}"
EndProject
Project("{9A19103F-16F7-4668-BE54-9A1E7A4F7556}") = "Problem-1772A", "Problem-1772A\Problem-1772A.csproj", "{F59752F2-526F-45A7-96A1-9DC0C361AFD3}"
EndProject
Project("{9A19103F-16F7-4668-BE54-9A1E7A4F7556}") = "Problem-785A", "Problem-785A\Problem-785A.csproj", "{E43618CD-48E3-4EF2-AFA8-A0D25DFAD81E}"
EndProject
Project("{9A19103F-16F7-4668-BE54-9A1E7A4F7556}") = "Problem-1520B", "Problem-1520B\Problem-1520B.csproj", "{0F0613FE-5294-4E08-98AC-5721AEF7A5E5}"
EndProject
Project("{9A19103F-16F7-4668-BE54-9A1E7A4F7556}") = "Problem-486A", "Problem-486A\Problem-486A.csproj", "{711D7B8F-44D9-413F-8CC4-3DDBA332185F}"
EndProject
Project("{9A19103F-16F7-4668-BE54-9A1E7A4F7556}") = "Problem-1772B", "Problem-1772B\Problem-1772B.csproj", "{3C986E85-06B2-46B7-8A17-667A9FB564C0}"
EndProject
Project("{9A19103F-16F7-4668-BE54-9A1E7A4F7556}") = "Problem-520A", "Problem-520A\Problem-520A.csproj", "{E178F92B-41BC-4D69-8C95-4E06CE498634}"
EndProject
Project("{9A19103F-16F7-4668-BE54-9A1E7A4F7556}") = "Problem-61A", "Problem-61A\Problem-61A.csproj", "{96F9FFDC-6DFF-4B5E-98B5-D9E87AF7C6A4}"
EndProject
Project("{9A19103F-16F7-4668-BE54-9A1E7A4F7556}") = "Problem-443A", "Problem-443A\Problem-443A.csproj", "{064E2BF3-0BF0-400F-A8BD-8B03C6A5476D}"
EndProject
Project("{9A19103F-16F7-4668-BE54-9A1E7A4F7556}") = "Problem-1335A", "Problem-1335A\Problem-1335A.csproj", "{1487BE5E-F8F2-4E96-B2BE-77A3DEB72958}"
EndProject
Project("{9A19103F-16F7-4668-BE54-9A1E7A4F7556}") = "Problem-1426A", "Problem-1426A\Problem-1426A.csproj", "{CF29F57D-0B7E-41CA-A958-A1A25D1809CD}"
EndProject
Project("{9A19103F-16F7-4668-BE54-9A1E7A4F7556}") = "Problem-200B", "Problem-200B\Problem-200B.csproj", "{41BB5940-8AF5-483D-AE71-2CA40FC50517}"
EndProject
Project("{9A19103F-16F7-4668-BE54-9A1E7A4F7556}") = "Problem-344A", "Problem-344A\Problem-344A.csproj", "{1202148B-75FC-414B-ADF1-2769AFB08674}"
EndProject
Project("{9A19103F-16F7-4668-BE54-9A1E7A4F7556}") = "Problem-69A", "Problem-69A\Problem-69A.csproj", "{C476FC0E-C1CB-4010-8436-460EA83FA160}"
EndProject
Project("{9A19103F-16F7-4668-BE54-9A1E7A4F7556}") = "Problem-977A", "Problem-977A\Problem-977A.csproj", "{F50662A8-73D1-4502-B325-C60945B42E20}"
EndProject
Project("{9A19103F-16F7-4668-BE54-9A1E7A4F7556}") = "Problem-59A", "Problem-59A\Problem-59A.csproj", "{887146A4-6F1C-4853-AF17-9D7A8CF2C827}"
EndProject
Project("{9A19103F-16F7-4668-BE54-9A1E7A4F7556}") = "Problem-116A", "Problem-116A\Problem-116A.csproj", "{2EAC24F0-0C34-4A1A-B07F-143D8A074189}"
EndProject
Project("{9A19103F-16F7-4668-BE54-9A1E7A4F7556}") = "Problem-734A", "Problem-734A\Problem-734A.csproj", "{A0315ABF-2678-44A1-8CF6-FA2E0D146FBC}"
EndProject
Project("{9A19103F-16F7-4668-BE54-9A1E7A4F7556}") = "Problem-791A", "Problem-791A\Problem-791A.csproj", "{7348742C-0EE2-464B-8655-67956B2DF8B1}"
EndProject
Project("{9A19103F-16F7-4668-BE54-9A1E7A4F7556}") = "Problem-282A", "Problem-282A\Problem-282A.csproj", "{E8688F00-6C5F-46A3-A34A-5A5D6EB0579A}"
EndProject
Project("{9A19103F-16F7-4668-BE54-9A1E7A4F7556}") = "Problem-58A", "Problem-58A\Problem-58A.csproj", "{A7E30AEC-EFC4-40D2-B5BC-A90B7A3EBF47}"
EndProject
Project("{9A19103F-16F7-4668-BE54-9A1E7A4F7556}") = "Problem-617A", "Problem-617A\Problem-617A.csproj", "{93A9D3F5-6D1A-4830-881B-9AED7668E952}"
EndProject
Project("{9A19103F-16F7-4668-BE54-9A1E7A4F7556}") = "Problem-96A", "Problem-96A\Problem-96A.csproj", "{55255EE6-B4DF-44FA-B464-EACDDEF668FF}"
EndProject
Project("{9A19103F-16F7-4668-BE54-9A1E7A4F7556}") = "Problem-339A", "Problem-339A\Problem-339A.csproj", "{F76917D7-D4BC-45E8-A8AB-9AF859FEE5C4}"
EndProject
Project("{9A19103F-16F7-4668-BE54-9A1E7A4F7556}") = "Problem-133A", "Problem-133A\Problem-133A.csproj", "{1DF4FFBD-B396-4CC7-901A-D0E9E25A96DB}"
EndProject
Project("{9A19103F-16F7-4668-BE54-9A1E7A4F7556}") = "Problem-122A", "Problem-122A\Problem-122A.csproj", "{DD94B159-6147-49A4-9DEB-0B5DD395DC84}"
EndProject
Project("{9A19103F-16F7-4668-BE54-9A1E7A4F7556}") = "Problem-110A", "Problem-110A\Problem-110A.csproj", "{5D04A980-06A9-4C8D-BCE6-5DA96B6BC9ED}"
EndProject
Project("{9A19103F-16F7-4668-BE54-9A1E7A4F7556}") = "Problem-579A", "Problem-579A\Problem-579A.csproj", "{7D48F381-B6E8-4F23-9AA5-735578AF2379}"
EndProject
Project("{9A19103F-16F7-4668-BE54-9A1E7A4F7556}") = "Problem-546A", "Problem-546A\Problem-546A.csproj", "{489AC84C-94DD-4AD9-AF29-CCDA13D19A02}"
EndProject
Project("{9A19103F-16F7-4668-BE54-9A1E7A4F7556}") = "Problem-118A", "Problem-118A\Problem-118A.csproj", "{1EF7226F-C9EC-41C4-A8CD-E8B50CCA4156}"
EndProject
Project("{9A19103F-16F7-4668-BE54-9A1E7A4F7556}") = "Problem-266A", "Problem-266A\Problem-266A.csproj", "{77C229CD-F68B-499E-A4A8-B9350EE404EC}"
EndProject
Project("{9A19103F-16F7-4668-BE54-9A1E7A4F7556}") = "Problem-231A", "Problem-231A\Problem-231A.csproj", "{EDA3EB45-D718-4591-A9DC-485512485DCA}"
EndProject
Project("{FAE04EC0-301F-11D3-BF4B-00C04F79EFBC}") = "Problem-492A", "Problem-492A\Problem-492A.csproj", "{33554D7B-AD3D-4E31-B8DC-2171542F80DC}"
EndProject
Project("{FAE04EC0-301F-11D3-BF4B-00C04F79EFBC}") = "Problem-1742A", "Problem-1742A\Problem-1742A.csproj", "{261F5CD1-3259-40E0-B813-296BB1855AD4}"
EndProject
Project("{FAE04EC0-301F-11D3-BF4B-00C04F79EFBC}") = "Problem-1619A", "Problem-1619A\Problem-1619A.csproj", "{CDA957A3-10DB-4842-A2A4-6B2CBE20FD8F}"
EndProject
Project("{FAE04EC0-301F-11D3-BF4B-00C04F79EFBC}") = "Problem-1325B", "Problem-1325B\Problem-1325B.csproj", "{D99F3F2D-AD07-435D-B9E8-7EBA254D8E85}"
EndProject
Project("{FAE04EC0-301F-11D3-BF4B-00C04F79EFBC}") = "Problem-688B", "Problem-688B\Problem-688B.csproj", "{108C667A-F102-4F07-8245-29F565DA0861}"
EndProject
Project("{FAE04EC0-301F-11D3-BF4B-00C04F79EFBC}") = "Problem-1283A", "Problem-1283A\Problem-1283A.csproj", "{7851D125-E4B4-4CFB-A5E1-D0349CFB6333}"
EndProject
Project("{FAE04EC0-301F-11D3-BF4B-00C04F79EFBC}") = "Problem-1535A", "Problem-1535A\Problem-1535A.csproj", "{DC07B84A-DF18-4CDD-95A0-EEA1784DE85C}"
EndProject
Project("{FAE04EC0-301F-11D3-BF4B-00C04F79EFBC}") = "Problem-688A", "Problem-688A\Problem-688A.csproj", "{85ECA090-5289-4F6B-9942-1F2B3A038D18}"
EndProject
Project("{FAE04EC0-301F-11D3-BF4B-00C04F79EFBC}") = "Problem-959A", "Problem-959A\Problem-959A.csproj", "{2F85B043-9330-4D3A-9A2A-CB782DB81E0B}"
EndProject
Project("{FAE04EC0-301F-11D3-BF4B-00C04F79EFBC}") = "Problem-71A", "Problem-71A\Problem-71A.csproj", "{D4F82D21-97F5-40FE-A355-1AAA40F81B79}"
EndProject
Global
	GlobalSection(SolutionConfigurationPlatforms) = preSolution
		Debug|Any CPU = Debug|Any CPU
		Release|Any CPU = Release|Any CPU
	EndGlobalSection
	GlobalSection(ProjectConfigurationPlatforms) = postSolution
		{39C29D9D-65E2-44EA-AD0A-AC084CA1C164}.Debug|Any CPU.ActiveCfg = Debug|Any CPU
		{39C29D9D-65E2-44EA-AD0A-AC084CA1C164}.Debug|Any CPU.Build.0 = Debug|Any CPU
		{39C29D9D-65E2-44EA-AD0A-AC084CA1C164}.Release|Any CPU.ActiveCfg = Release|Any CPU
		{39C29D9D-65E2-44EA-AD0A-AC084CA1C164}.Release|Any CPU.Build.0 = Release|Any CPU
		{18B9CC6C-0795-438E-8508-BC4BDD2B3D7F}.Debug|Any CPU.ActiveCfg = Debug|Any CPU
		{18B9CC6C-0795-438E-8508-BC4BDD2B3D7F}.Debug|Any CPU.Build.0 = Debug|Any CPU
		{18B9CC6C-0795-438E-8508-BC4BDD2B3D7F}.Release|Any CPU.ActiveCfg = Release|Any CPU
		{18B9CC6C-0795-438E-8508-BC4BDD2B3D7F}.Release|Any CPU.Build.0 = Release|Any CPU
		{55DC3A6E-3BDB-481E-A7EF-E05E5A6AC130}.Debug|Any CPU.ActiveCfg = Debug|Any CPU
		{55DC3A6E-3BDB-481E-A7EF-E05E5A6AC130}.Debug|Any CPU.Build.0 = Debug|Any CPU
		{55DC3A6E-3BDB-481E-A7EF-E05E5A6AC130}.Release|Any CPU.ActiveCfg = Release|Any CPU
		{55DC3A6E-3BDB-481E-A7EF-E05E5A6AC130}.Release|Any CPU.Build.0 = Release|Any CPU
		{0151C73D-2992-4161-A4DE-33BC59127BEB}.Debug|Any CPU.ActiveCfg = Debug|Any CPU
		{0151C73D-2992-4161-A4DE-33BC59127BEB}.Debug|Any CPU.Build.0 = Debug|Any CPU
		{0151C73D-2992-4161-A4DE-33BC59127BEB}.Release|Any CPU.ActiveCfg = Release|Any CPU
		{0151C73D-2992-4161-A4DE-33BC59127BEB}.Release|Any CPU.Build.0 = Release|Any CPU
		{ECBBCE94-6BF8-407A-BACE-A5DAA7A91DB1}.Debug|Any CPU.ActiveCfg = Debug|Any CPU
		{ECBBCE94-6BF8-407A-BACE-A5DAA7A91DB1}.Debug|Any CPU.Build.0 = Debug|Any CPU
		{ECBBCE94-6BF8-407A-BACE-A5DAA7A91DB1}.Release|Any CPU.ActiveCfg = Release|Any CPU
		{ECBBCE94-6BF8-407A-BACE-A5DAA7A91DB1}.Release|Any CPU.Build.0 = Release|Any CPU
		{C23DEA14-7D3A-4F07-9972-438C929D138B}.Debug|Any CPU.ActiveCfg = Debug|Any CPU
		{C23DEA14-7D3A-4F07-9972-438C929D138B}.Debug|Any CPU.Build.0 = Debug|Any CPU
		{C23DEA14-7D3A-4F07-9972-438C929D138B}.Release|Any CPU.ActiveCfg = Release|Any CPU
		{C23DEA14-7D3A-4F07-9972-438C929D138B}.Release|Any CPU.Build.0 = Release|Any CPU
		{E1334093-39F1-4C47-8AEC-6B6CB864D989}.Debug|Any CPU.ActiveCfg = Debug|Any CPU
		{E1334093-39F1-4C47-8AEC-6B6CB864D989}.Debug|Any CPU.Build.0 = Debug|Any CPU
		{E1334093-39F1-4C47-8AEC-6B6CB864D989}.Release|Any CPU.ActiveCfg = Release|Any CPU
		{E1334093-39F1-4C47-8AEC-6B6CB864D989}.Release|Any CPU.Build.0 = Release|Any CPU
		{5901E583-BC42-4A6B-807E-757604665356}.Debug|Any CPU.ActiveCfg = Debug|Any CPU
		{5901E583-BC42-4A6B-807E-757604665356}.Debug|Any CPU.Build.0 = Debug|Any CPU
		{5901E583-BC42-4A6B-807E-757604665356}.Release|Any CPU.ActiveCfg = Release|Any CPU
		{5901E583-BC42-4A6B-807E-757604665356}.Release|Any CPU.Build.0 = Release|Any CPU
		{2D6EFE57-4955-42A3-BA01-9408F93181B4}.Debug|Any CPU.ActiveCfg = Debug|Any CPU
		{2D6EFE57-4955-42A3-BA01-9408F93181B4}.Debug|Any CPU.Build.0 = Debug|Any CPU
		{2D6EFE57-4955-42A3-BA01-9408F93181B4}.Release|Any CPU.ActiveCfg = Release|Any CPU
		{2D6EFE57-4955-42A3-BA01-9408F93181B4}.Release|Any CPU.Build.0 = Release|Any CPU
		{F59752F2-526F-45A7-96A1-9DC0C361AFD3}.Debug|Any CPU.ActiveCfg = Debug|Any CPU
		{F59752F2-526F-45A7-96A1-9DC0C361AFD3}.Debug|Any CPU.Build.0 = Debug|Any CPU
		{F59752F2-526F-45A7-96A1-9DC0C361AFD3}.Release|Any CPU.ActiveCfg = Release|Any CPU
		{F59752F2-526F-45A7-96A1-9DC0C361AFD3}.Release|Any CPU.Build.0 = Release|Any CPU
		{E43618CD-48E3-4EF2-AFA8-A0D25DFAD81E}.Debug|Any CPU.ActiveCfg = Debug|Any CPU
		{E43618CD-48E3-4EF2-AFA8-A0D25DFAD81E}.Debug|Any CPU.Build.0 = Debug|Any CPU
		{E43618CD-48E3-4EF2-AFA8-A0D25DFAD81E}.Release|Any CPU.ActiveCfg = Release|Any CPU
		{E43618CD-48E3-4EF2-AFA8-A0D25DFAD81E}.Release|Any CPU.Build.0 = Release|Any CPU
		{0F0613FE-5294-4E08-98AC-5721AEF7A5E5}.Debug|Any CPU.ActiveCfg = Debug|Any CPU
		{0F0613FE-5294-4E08-98AC-5721AEF7A5E5}.Debug|Any CPU.Build.0 = Debug|Any CPU
		{0F0613FE-5294-4E08-98AC-5721AEF7A5E5}.Release|Any CPU.ActiveCfg = Release|Any CPU
		{0F0613FE-5294-4E08-98AC-5721AEF7A5E5}.Release|Any CPU.Build.0 = Release|Any CPU
		{711D7B8F-44D9-413F-8CC4-3DDBA332185F}.Debug|Any CPU.ActiveCfg = Debug|Any CPU
		{711D7B8F-44D9-413F-8CC4-3DDBA332185F}.Debug|Any CPU.Build.0 = Debug|Any CPU
		{711D7B8F-44D9-413F-8CC4-3DDBA332185F}.Release|Any CPU.ActiveCfg = Release|Any CPU
		{711D7B8F-44D9-413F-8CC4-3DDBA332185F}.Release|Any CPU.Build.0 = Release|Any CPU
		{3C986E85-06B2-46B7-8A17-667A9FB564C0}.Debug|Any CPU.ActiveCfg = Debug|Any CPU
		{3C986E85-06B2-46B7-8A17-667A9FB564C0}.Debug|Any CPU.Build.0 = Debug|Any CPU
		{3C986E85-06B2-46B7-8A17-667A9FB564C0}.Release|Any CPU.ActiveCfg = Release|Any CPU
		{3C986E85-06B2-46B7-8A17-667A9FB564C0}.Release|Any CPU.Build.0 = Release|Any CPU
		{E178F92B-41BC-4D69-8C95-4E06CE498634}.Debug|Any CPU.ActiveCfg = Debug|Any CPU
		{E178F92B-41BC-4D69-8C95-4E06CE498634}.Debug|Any CPU.Build.0 = Debug|Any CPU
		{E178F92B-41BC-4D69-8C95-4E06CE498634}.Release|Any CPU.ActiveCfg = Release|Any CPU
		{E178F92B-41BC-4D69-8C95-4E06CE498634}.Release|Any CPU.Build.0 = Release|Any CPU
		{96F9FFDC-6DFF-4B5E-98B5-D9E87AF7C6A4}.Debug|Any CPU.ActiveCfg = Debug|Any CPU
		{96F9FFDC-6DFF-4B5E-98B5-D9E87AF7C6A4}.Debug|Any CPU.Build.0 = Debug|Any CPU
		{96F9FFDC-6DFF-4B5E-98B5-D9E87AF7C6A4}.Release|Any CPU.ActiveCfg = Release|Any CPU
		{96F9FFDC-6DFF-4B5E-98B5-D9E87AF7C6A4}.Release|Any CPU.Build.0 = Release|Any CPU
		{064E2BF3-0BF0-400F-A8BD-8B03C6A5476D}.Debug|Any CPU.ActiveCfg = Debug|Any CPU
		{064E2BF3-0BF0-400F-A8BD-8B03C6A5476D}.Debug|Any CPU.Build.0 = Debug|Any CPU
		{064E2BF3-0BF0-400F-A8BD-8B03C6A5476D}.Release|Any CPU.ActiveCfg = Release|Any CPU
		{064E2BF3-0BF0-400F-A8BD-8B03C6A5476D}.Release|Any CPU.Build.0 = Release|Any CPU
		{1487BE5E-F8F2-4E96-B2BE-77A3DEB72958}.Debug|Any CPU.ActiveCfg = Debug|Any CPU
		{1487BE5E-F8F2-4E96-B2BE-77A3DEB72958}.Debug|Any CPU.Build.0 = Debug|Any CPU
		{1487BE5E-F8F2-4E96-B2BE-77A3DEB72958}.Release|Any CPU.ActiveCfg = Release|Any CPU
		{1487BE5E-F8F2-4E96-B2BE-77A3DEB72958}.Release|Any CPU.Build.0 = Release|Any CPU
		{CF29F57D-0B7E-41CA-A958-A1A25D1809CD}.Debug|Any CPU.ActiveCfg = Debug|Any CPU
		{CF29F57D-0B7E-41CA-A958-A1A25D1809CD}.Debug|Any CPU.Build.0 = Debug|Any CPU
		{CF29F57D-0B7E-41CA-A958-A1A25D1809CD}.Release|Any CPU.ActiveCfg = Release|Any CPU
		{CF29F57D-0B7E-41CA-A958-A1A25D1809CD}.Release|Any CPU.Build.0 = Release|Any CPU
		{41BB5940-8AF5-483D-AE71-2CA40FC50517}.Debug|Any CPU.ActiveCfg = Debug|Any CPU
		{41BB5940-8AF5-483D-AE71-2CA40FC50517}.Debug|Any CPU.Build.0 = Debug|Any CPU
		{41BB5940-8AF5-483D-AE71-2CA40FC50517}.Release|Any CPU.ActiveCfg = Release|Any CPU
		{41BB5940-8AF5-483D-AE71-2CA40FC50517}.Release|Any CPU.Build.0 = Release|Any CPU
		{1202148B-75FC-414B-ADF1-2769AFB08674}.Debug|Any CPU.ActiveCfg = Debug|Any CPU
		{1202148B-75FC-414B-ADF1-2769AFB08674}.Debug|Any CPU.Build.0 = Debug|Any CPU
		{1202148B-75FC-414B-ADF1-2769AFB08674}.Release|Any CPU.ActiveCfg = Release|Any CPU
		{1202148B-75FC-414B-ADF1-2769AFB08674}.Release|Any CPU.Build.0 = Release|Any CPU
		{C476FC0E-C1CB-4010-8436-460EA83FA160}.Debug|Any CPU.ActiveCfg = Debug|Any CPU
		{C476FC0E-C1CB-4010-8436-460EA83FA160}.Debug|Any CPU.Build.0 = Debug|Any CPU
		{C476FC0E-C1CB-4010-8436-460EA83FA160}.Release|Any CPU.ActiveCfg = Release|Any CPU
		{C476FC0E-C1CB-4010-8436-460EA83FA160}.Release|Any CPU.Build.0 = Release|Any CPU
		{F50662A8-73D1-4502-B325-C60945B42E20}.Debug|Any CPU.ActiveCfg = Debug|Any CPU
		{F50662A8-73D1-4502-B325-C60945B42E20}.Debug|Any CPU.Build.0 = Debug|Any CPU
		{F50662A8-73D1-4502-B325-C60945B42E20}.Release|Any CPU.ActiveCfg = Release|Any CPU
		{F50662A8-73D1-4502-B325-C60945B42E20}.Release|Any CPU.Build.0 = Release|Any CPU
		{887146A4-6F1C-4853-AF17-9D7A8CF2C827}.Debug|Any CPU.ActiveCfg = Debug|Any CPU
		{887146A4-6F1C-4853-AF17-9D7A8CF2C827}.Debug|Any CPU.Build.0 = Debug|Any CPU
		{887146A4-6F1C-4853-AF17-9D7A8CF2C827}.Release|Any CPU.ActiveCfg = Release|Any CPU
		{887146A4-6F1C-4853-AF17-9D7A8CF2C827}.Release|Any CPU.Build.0 = Release|Any CPU
		{2EAC24F0-0C34-4A1A-B07F-143D8A074189}.Debug|Any CPU.ActiveCfg = Debug|Any CPU
		{2EAC24F0-0C34-4A1A-B07F-143D8A074189}.Debug|Any CPU.Build.0 = Debug|Any CPU
		{2EAC24F0-0C34-4A1A-B07F-143D8A074189}.Release|Any CPU.ActiveCfg = Release|Any CPU
		{2EAC24F0-0C34-4A1A-B07F-143D8A074189}.Release|Any CPU.Build.0 = Release|Any CPU
		{A0315ABF-2678-44A1-8CF6-FA2E0D146FBC}.Debug|Any CPU.ActiveCfg = Debug|Any CPU
		{A0315ABF-2678-44A1-8CF6-FA2E0D146FBC}.Debug|Any CPU.Build.0 = Debug|Any CPU
		{A0315ABF-2678-44A1-8CF6-FA2E0D146FBC}.Release|Any CPU.ActiveCfg = Release|Any CPU
		{A0315ABF-2678-44A1-8CF6-FA2E0D146FBC}.Release|Any CPU.Build.0 = Release|Any CPU
		{7348742C-0EE2-464B-8655-67956B2DF8B1}.Debug|Any CPU.ActiveCfg = Debug|Any CPU
		{7348742C-0EE2-464B-8655-67956B2DF8B1}.Debug|Any CPU.Build.0 = Debug|Any CPU
		{7348742C-0EE2-464B-8655-67956B2DF8B1}.Release|Any CPU.ActiveCfg = Release|Any CPU
		{7348742C-0EE2-464B-8655-67956B2DF8B1}.Release|Any CPU.Build.0 = Release|Any CPU
		{E8688F00-6C5F-46A3-A34A-5A5D6EB0579A}.Debug|Any CPU.ActiveCfg = Debug|Any CPU
		{E8688F00-6C5F-46A3-A34A-5A5D6EB0579A}.Debug|Any CPU.Build.0 = Debug|Any CPU
		{E8688F00-6C5F-46A3-A34A-5A5D6EB0579A}.Release|Any CPU.ActiveCfg = Release|Any CPU
		{E8688F00-6C5F-46A3-A34A-5A5D6EB0579A}.Release|Any CPU.Build.0 = Release|Any CPU
		{A7E30AEC-EFC4-40D2-B5BC-A90B7A3EBF47}.Debug|Any CPU.ActiveCfg = Debug|Any CPU
		{A7E30AEC-EFC4-40D2-B5BC-A90B7A3EBF47}.Debug|Any CPU.Build.0 = Debug|Any CPU
		{A7E30AEC-EFC4-40D2-B5BC-A90B7A3EBF47}.Release|Any CPU.ActiveCfg = Release|Any CPU
		{A7E30AEC-EFC4-40D2-B5BC-A90B7A3EBF47}.Release|Any CPU.Build.0 = Release|Any CPU
		{93A9D3F5-6D1A-4830-881B-9AED7668E952}.Debug|Any CPU.ActiveCfg = Debug|Any CPU
		{93A9D3F5-6D1A-4830-881B-9AED7668E952}.Debug|Any CPU.Build.0 = Debug|Any CPU
		{93A9D3F5-6D1A-4830-881B-9AED7668E952}.Release|Any CPU.ActiveCfg = Release|Any CPU
		{93A9D3F5-6D1A-4830-881B-9AED7668E952}.Release|Any CPU.Build.0 = Release|Any CPU
		{55255EE6-B4DF-44FA-B464-EACDDEF668FF}.Debug|Any CPU.ActiveCfg = Debug|Any CPU
		{55255EE6-B4DF-44FA-B464-EACDDEF668FF}.Debug|Any CPU.Build.0 = Debug|Any CPU
		{55255EE6-B4DF-44FA-B464-EACDDEF668FF}.Release|Any CPU.ActiveCfg = Release|Any CPU
		{55255EE6-B4DF-44FA-B464-EACDDEF668FF}.Release|Any CPU.Build.0 = Release|Any CPU
		{F76917D7-D4BC-45E8-A8AB-9AF859FEE5C4}.Debug|Any CPU.ActiveCfg = Debug|Any CPU
		{F76917D7-D4BC-45E8-A8AB-9AF859FEE5C4}.Debug|Any CPU.Build.0 = Debug|Any CPU
		{F76917D7-D4BC-45E8-A8AB-9AF859FEE5C4}.Release|Any CPU.ActiveCfg = Release|Any CPU
		{F76917D7-D4BC-45E8-A8AB-9AF859FEE5C4}.Release|Any CPU.Build.0 = Release|Any CPU
		{1DF4FFBD-B396-4CC7-901A-D0E9E25A96DB}.Debug|Any CPU.ActiveCfg = Debug|Any CPU
		{1DF4FFBD-B396-4CC7-901A-D0E9E25A96DB}.Debug|Any CPU.Build.0 = Debug|Any CPU
		{1DF4FFBD-B396-4CC7-901A-D0E9E25A96DB}.Release|Any CPU.ActiveCfg = Release|Any CPU
		{1DF4FFBD-B396-4CC7-901A-D0E9E25A96DB}.Release|Any CPU.Build.0 = Release|Any CPU
		{DD94B159-6147-49A4-9DEB-0B5DD395DC84}.Debug|Any CPU.ActiveCfg = Debug|Any CPU
		{DD94B159-6147-49A4-9DEB-0B5DD395DC84}.Debug|Any CPU.Build.0 = Debug|Any CPU
		{DD94B159-6147-49A4-9DEB-0B5DD395DC84}.Release|Any CPU.ActiveCfg = Release|Any CPU
		{DD94B159-6147-49A4-9DEB-0B5DD395DC84}.Release|Any CPU.Build.0 = Release|Any CPU
		{5D04A980-06A9-4C8D-BCE6-5DA96B6BC9ED}.Debug|Any CPU.ActiveCfg = Debug|Any CPU
		{5D04A980-06A9-4C8D-BCE6-5DA96B6BC9ED}.Debug|Any CPU.Build.0 = Debug|Any CPU
		{5D04A980-06A9-4C8D-BCE6-5DA96B6BC9ED}.Release|Any CPU.ActiveCfg = Release|Any CPU
		{5D04A980-06A9-4C8D-BCE6-5DA96B6BC9ED}.Release|Any CPU.Build.0 = Release|Any CPU
		{7D48F381-B6E8-4F23-9AA5-735578AF2379}.Debug|Any CPU.ActiveCfg = Debug|Any CPU
		{7D48F381-B6E8-4F23-9AA5-735578AF2379}.Debug|Any CPU.Build.0 = Debug|Any CPU
		{7D48F381-B6E8-4F23-9AA5-735578AF2379}.Release|Any CPU.ActiveCfg = Release|Any CPU
		{7D48F381-B6E8-4F23-9AA5-735578AF2379}.Release|Any CPU.Build.0 = Release|Any CPU
		{489AC84C-94DD-4AD9-AF29-CCDA13D19A02}.Debug|Any CPU.ActiveCfg = Debug|Any CPU
		{489AC84C-94DD-4AD9-AF29-CCDA13D19A02}.Debug|Any CPU.Build.0 = Debug|Any CPU
		{489AC84C-94DD-4AD9-AF29-CCDA13D19A02}.Release|Any CPU.ActiveCfg = Release|Any CPU
		{489AC84C-94DD-4AD9-AF29-CCDA13D19A02}.Release|Any CPU.Build.0 = Release|Any CPU
		{1EF7226F-C9EC-41C4-A8CD-E8B50CCA4156}.Debug|Any CPU.ActiveCfg = Debug|Any CPU
		{1EF7226F-C9EC-41C4-A8CD-E8B50CCA4156}.Debug|Any CPU.Build.0 = Debug|Any CPU
		{1EF7226F-C9EC-41C4-A8CD-E8B50CCA4156}.Release|Any CPU.ActiveCfg = Release|Any CPU
		{1EF7226F-C9EC-41C4-A8CD-E8B50CCA4156}.Release|Any CPU.Build.0 = Release|Any CPU
		{77C229CD-F68B-499E-A4A8-B9350EE404EC}.Debug|Any CPU.ActiveCfg = Debug|Any CPU
		{77C229CD-F68B-499E-A4A8-B9350EE404EC}.Debug|Any CPU.Build.0 = Debug|Any CPU
		{77C229CD-F68B-499E-A4A8-B9350EE404EC}.Release|Any CPU.ActiveCfg = Release|Any CPU
		{77C229CD-F68B-499E-A4A8-B9350EE404EC}.Release|Any CPU.Build.0 = Release|Any CPU
		{EDA3EB45-D718-4591-A9DC-485512485DCA}.Debug|Any CPU.ActiveCfg = Debug|Any CPU
		{EDA3EB45-D718-4591-A9DC-485512485DCA}.Debug|Any CPU.Build.0 = Debug|Any CPU
		{EDA3EB45-D718-4591-A9DC-485512485DCA}.Release|Any CPU.ActiveCfg = Release|Any CPU
		{EDA3EB45-D718-4591-A9DC-485512485DCA}.Release|Any CPU.Build.0 = Release|Any CPU
		{33554D7B-AD3D-4E31-B8DC-2171542F80DC}.Debug|Any CPU.ActiveCfg = Debug|Any CPU
		{33554D7B-AD3D-4E31-B8DC-2171542F80DC}.Debug|Any CPU.Build.0 = Debug|Any CPU
		{33554D7B-AD3D-4E31-B8DC-2171542F80DC}.Release|Any CPU.ActiveCfg = Release|Any CPU
		{33554D7B-AD3D-4E31-B8DC-2171542F80DC}.Release|Any CPU.Build.0 = Release|Any CPU
		{261F5CD1-3259-40E0-B813-296BB1855AD4}.Debug|Any CPU.ActiveCfg = Debug|Any CPU
		{261F5CD1-3259-40E0-B813-296BB1855AD4}.Debug|Any CPU.Build.0 = Debug|Any CPU
		{261F5CD1-3259-40E0-B813-296BB1855AD4}.Release|Any CPU.ActiveCfg = Release|Any CPU
		{261F5CD1-3259-40E0-B813-296BB1855AD4}.Release|Any CPU.Build.0 = Release|Any CPU
		{CDA957A3-10DB-4842-A2A4-6B2CBE20FD8F}.Debug|Any CPU.ActiveCfg = Debug|Any CPU
		{CDA957A3-10DB-4842-A2A4-6B2CBE20FD8F}.Debug|Any CPU.Build.0 = Debug|Any CPU
		{CDA957A3-10DB-4842-A2A4-6B2CBE20FD8F}.Release|Any CPU.ActiveCfg = Release|Any CPU
		{CDA957A3-10DB-4842-A2A4-6B2CBE20FD8F}.Release|Any CPU.Build.0 = Release|Any CPU
		{D99F3F2D-AD07-435D-B9E8-7EBA254D8E85}.Debug|Any CPU.ActiveCfg = Debug|Any CPU
		{D99F3F2D-AD07-435D-B9E8-7EBA254D8E85}.Debug|Any CPU.Build.0 = Debug|Any CPU
		{D99F3F2D-AD07-435D-B9E8-7EBA254D8E85}.Release|Any CPU.ActiveCfg = Release|Any CPU
		{D99F3F2D-AD07-435D-B9E8-7EBA254D8E85}.Release|Any CPU.Build.0 = Release|Any CPU
		{108C667A-F102-4F07-8245-29F565DA0861}.Debug|Any CPU.ActiveCfg = Debug|Any CPU
		{108C667A-F102-4F07-8245-29F565DA0861}.Debug|Any CPU.Build.0 = Debug|Any CPU
		{108C667A-F102-4F07-8245-29F565DA0861}.Release|Any CPU.ActiveCfg = Release|Any CPU
		{108C667A-F102-4F07-8245-29F565DA0861}.Release|Any CPU.Build.0 = Release|Any CPU
		{7851D125-E4B4-4CFB-A5E1-D0349CFB6333}.Debug|Any CPU.ActiveCfg = Debug|Any CPU
		{7851D125-E4B4-4CFB-A5E1-D0349CFB6333}.Debug|Any CPU.Build.0 = Debug|Any CPU
		{7851D125-E4B4-4CFB-A5E1-D0349CFB6333}.Release|Any CPU.ActiveCfg = Release|Any CPU
		{7851D125-E4B4-4CFB-A5E1-D0349CFB6333}.Release|Any CPU.Build.0 = Release|Any CPU
		{DC07B84A-DF18-4CDD-95A0-EEA1784DE85C}.Debug|Any CPU.ActiveCfg = Debug|Any CPU
		{DC07B84A-DF18-4CDD-95A0-EEA1784DE85C}.Debug|Any CPU.Build.0 = Debug|Any CPU
		{DC07B84A-DF18-4CDD-95A0-EEA1784DE85C}.Release|Any CPU.ActiveCfg = Release|Any CPU
		{DC07B84A-DF18-4CDD-95A0-EEA1784DE85C}.Release|Any CPU.Build.0 = Release|Any CPU
		{85ECA090-5289-4F6B-9942-1F2B3A038D18}.Debug|Any CPU.ActiveCfg = Debug|Any CPU
		{85ECA090-5289-4F6B-9942-1F2B3A038D18}.Debug|Any CPU.Build.0 = Debug|Any CPU
		{85ECA090-5289-4F6B-9942-1F2B3A038D18}.Release|Any CPU.ActiveCfg = Release|Any CPU
		{85ECA090-5289-4F6B-9942-1F2B3A038D18}.Release|Any CPU.Build.0 = Release|Any CPU
		{2F85B043-9330-4D3A-9A2A-CB782DB81E0B}.Debug|Any CPU.ActiveCfg = Debug|Any CPU
		{2F85B043-9330-4D3A-9A2A-CB782DB81E0B}.Debug|Any CPU.Build.0 = Debug|Any CPU
		{2F85B043-9330-4D3A-9A2A-CB782DB81E0B}.Release|Any CPU.ActiveCfg = Release|Any CPU
		{2F85B043-9330-4D3A-9A2A-CB782DB81E0B}.Release|Any CPU.Build.0 = Release|Any CPU
		{D4F82D21-97F5-40FE-A355-1AAA40F81B79}.Debug|Any CPU.ActiveCfg = Debug|Any CPU
		{D4F82D21-97F5-40FE-A355-1AAA40F81B79}.Debug|Any CPU.Build.0 = Debug|Any CPU
		{D4F82D21-97F5-40FE-A355-1AAA40F81B79}.Release|Any CPU.ActiveCfg = Release|Any CPU
		{D4F82D21-97F5-40FE-A355-1AAA40F81B79}.Release|Any CPU.Build.0 = Release|Any CPU
	EndGlobalSection
	GlobalSection(SolutionProperties) = preSolution
		HideSolutionNode = FALSE
	EndGlobalSection
	GlobalSection(ExtensibilityGlobals) = postSolution
		SolutionGuid = {570ECF97-307A-4709-8BE7-5A69AA2DE213}
	EndGlobalSection
EndGlobal
