
Microsoft Visual Studio Solution File, Format Version 12.00
# Visual Studio Version 17
VisualStudioVersion = 17.6.33829.357
MinimumVisualStudioVersion = 10.0.40219.1
Project("{9A19103F-16F7-4668-BE54-9A1E7A4F7556}") = "Problem-136A", "Problem-136A\Problem-136A.csproj", "{CAA89B87-4BF6-478B-B2A1-C945FC193FA2}"
EndProject
Project("{9A19103F-16F7-4668-BE54-9A1E7A4F7556}") = "Problem-705A", "Problem-705A\Problem-705A.csproj", "{17AE047C-14D7-48F9-B2CF-C3DC85AF9B2C}"
EndProject
Project("{9A19103F-16F7-4668-BE54-9A1E7A4F7556}") = "Problem-469A", "Problem-469A\Problem-469A.csproj", "{C75752AA-41DF-44B4-A773-87791545FB6D}"
EndProject
Project("{9A19103F-16F7-4668-BE54-9A1E7A4F7556}") = "Problem-1328A", "Problem-1328A\Problem-1328A.csproj", "{4E72D71D-3630-4FF2-939C-23A94918331F}"
EndProject
Project("{9A19103F-16F7-4668-BE54-9A1E7A4F7556}") = "Problem-144A", "Problem-144A\Problem-144A.csproj", "{51F4E4F6-C8CD-4866-8F1E-D381B1CCA76E}"
EndProject
Project("{9A19103F-16F7-4668-BE54-9A1E7A4F7556}") = "Problem-148A", "Problem-148A\Problem-148A.csproj", "{932E5FB2-9B85-4436-803D-50756720C9C0}"
EndProject
Project("{9A19103F-16F7-4668-BE54-9A1E7A4F7556}") = "Problem-996A", "Problem-996A\Problem-996A.csproj", "{D7FBB9CC-A79C-4F97-B43D-32C30593DDC7}"
EndProject
Project("{9A19103F-16F7-4668-BE54-9A1E7A4F7556}") = "Problem-268A", "Problem-268A\Problem-268A.csproj", "{89F75C74-FB98-4AD5-93E4-63FEA855AA95}"
EndProject
Project("{9A19103F-16F7-4668-BE54-9A1E7A4F7556}") = "Problem-141A", "Problem-141A\Problem-141A.csproj", "{23EDB70A-3143-41A2-A0DD-B271E0305884}"
EndProject
Project("{9A19103F-16F7-4668-BE54-9A1E7A4F7556}") = "Problem-510A", "Problem-510A\Problem-510A.csproj", "{B291751B-D324-487F-8589-C176A029ED59}"
EndProject
Project("{9A19103F-16F7-4668-BE54-9A1E7A4F7556}") = "Problem-427A", "Problem-427A\Problem-427A.csproj", "{8D7405D7-8A5A-4C4A-B461-8E90E480477A}"
EndProject
Project("{9A19103F-16F7-4668-BE54-9A1E7A4F7556}") = "Problem-155A", "Problem-155A\Problem-155A.csproj", "{8B271767-93F4-45DE-8CFA-B623C3F80EB7}"
EndProject
Project("{9A19103F-16F7-4668-BE54-9A1E7A4F7556}") = "Problem-750A", "Problem-750A\Problem-750A.csproj", "{1004434C-4B8D-47C5-9485-A6CBC4E5B3A3}"
EndProject
Project("{9A19103F-16F7-4668-BE54-9A1E7A4F7556}") = "Problem-732A", "Problem-732A\Problem-732A.csproj", "{0D33A2BB-704B-407A-ADF9-66BDEF679463}"
EndProject
Project("{9A19103F-16F7-4668-BE54-9A1E7A4F7556}") = "Problem-723A", "Problem-723A\Problem-723A.csproj", "{3F169513-617B-474A-AB6C-AA9F5753295D}"
EndProject
Project("{9A19103F-16F7-4668-BE54-9A1E7A4F7556}") = "Problem-581A", "Problem-581A\Problem-581A.csproj", "{1CEFD6FB-4780-4996-B585-E920D1740FE5}"
EndProject
Project("{9A19103F-16F7-4668-BE54-9A1E7A4F7556}") = "Problem-151A", "Problem-151A\Problem-151A.csproj", "{8819FF2F-3D18-45A3-8A25-78D9882D71FB}"
EndProject
Project("{9A19103F-16F7-4668-BE54-9A1E7A4F7556}") = "Problem-1409A", "Problem-1409A\Problem-1409A.csproj", "{BB6765F8-7BFA-44C5-AC13-80C27FDEB2FF}"
EndProject
Project("{9A19103F-16F7-4668-BE54-9A1E7A4F7556}") = "Problem-472A", "Problem-472A\Problem-472A.csproj", "{657C4E2E-9396-4FBA-895D-F3B17DAE78D2}"
EndProject
Project("{9A19103F-16F7-4668-BE54-9A1E7A4F7556}") = "Problem-432A", "Problem-432A\Problem-432A.csproj", "{CD6E53AC-DE5A-4B4E-BA15-0653DD8D3BE0}"
EndProject
Project("{9A19103F-16F7-4668-BE54-9A1E7A4F7556}") = "Problem-32B", "Problem-32B\Problem-32B.csproj", "{793AC734-3C22-4716-A0FA-4BD800DDCED1}"
EndProject
Project("{9A19103F-16F7-4668-BE54-9A1E7A4F7556}") = "Problem-1367A", "Problem-1367A\Problem-1367A.csproj", "{BA8227AF-97C6-4FE6-8FE9-DA7A0765EE49}"
EndProject
Project("{9A19103F-16F7-4668-BE54-9A1E7A4F7556}") = "Problem-1560A", "Problem-1560A\Problem-1560A.csproj", "{6F09AA43-FE31-4639-8EE5-959D067F4044}"
EndProject
Project("{9A19103F-16F7-4668-BE54-9A1E7A4F7556}") = "Problem-703A", "Problem-703A\Problem-703A.csproj", "{22A81C6F-2EE8-45E9-8290-78C71B0A5CA0}"
EndProject
Project("{9A19103F-16F7-4668-BE54-9A1E7A4F7556}") = "Problem-1374A", "Problem-1374A\Problem-1374A.csproj", "{0588B361-BA42-4D6C-AC92-37D58A825C72}"
EndProject
Project("{FAE04EC0-301F-11D3-BF4B-00C04F79EFBC}") = "Problem-9A", "Problem-9A\Problem-9A.csproj", "{3F1225D6-736F-45DA-B393-31A049952EC4}"
EndProject
Project("{FAE04EC0-301F-11D3-BF4B-00C04F79EFBC}") = "Problem-431A", "Problem-431A\Problem-431A.csproj", "{0291DF6E-E09B-4EFA-9A59-611ECC93FD97}"
EndProject
Project("{FAE04EC0-301F-11D3-BF4B-00C04F79EFBC}") = "Problem-1624A", "Problem-1624A\Problem-1624A.csproj", "{04B41563-A404-4FA1-9529-5E6589C72F22}"
EndProject
Project("{FAE04EC0-301F-11D3-BF4B-00C04F79EFBC}") = "Problem-1433A", "Problem-1433A\Problem-1433A.csproj", "{C997E966-3152-4F21-8E7C-3E20F138BB77}"
EndProject
Project("{FAE04EC0-301F-11D3-BF4B-00C04F79EFBC}") = "Problem-1807A", "Problem-1807A\Problem-1807A.csproj", "{51AFDA3C-6509-44C9-AA11-FECAF5602590}"
EndProject
Project("{FAE04EC0-301F-11D3-BF4B-00C04F79EFBC}") = "Problem-1360A", "Problem-1360A\Problem-1360A.csproj", "{2054684B-818E-4599-A42A-508F029D134F}"
EndProject
Project("{FAE04EC0-301F-11D3-BF4B-00C04F79EFBC}") = "Problem-1370A", "Problem-1370A\Problem-1370A.csproj", "{39A1F698-A6C3-4349-8F41-49CAF7F0BAA9}"
EndProject
Project("{FAE04EC0-301F-11D3-BF4B-00C04F79EFBC}") = "Problem-707A", "Problem-707A\Problem-707A.csproj", "{F7FC870D-095E-4C0A-AFA5-25F2E07208AE}"
EndProject
Project("{FAE04EC0-301F-11D3-BF4B-00C04F79EFBC}") = "Problem-1850A", "Problem-1850A\Problem-1850A.csproj", "{312B29EE-0B1E-4F31-B0C4-C4BE5FB562DB}"
EndProject
Project("{FAE04EC0-301F-11D3-BF4B-00C04F79EFBC}") = "Problem-1722A", "Problem-1722A\Problem-1722A.csproj", "{6E27A51F-9A38-43C5-AFC5-3C3DCAEEC597}"
EndProject
Global
	GlobalSection(SolutionConfigurationPlatforms) = preSolution
		Debug|Any CPU = Debug|Any CPU
		Release|Any CPU = Release|Any CPU
	EndGlobalSection
	GlobalSection(ProjectConfigurationPlatforms) = postSolution
		{CAA89B87-4BF6-478B-B2A1-C945FC193FA2}.Debug|Any CPU.ActiveCfg = Debug|Any CPU
		{CAA89B87-4BF6-478B-B2A1-C945FC193FA2}.Debug|Any CPU.Build.0 = Debug|Any CPU
		{CAA89B87-4BF6-478B-B2A1-C945FC193FA2}.Release|Any CPU.ActiveCfg = Release|Any CPU
		{CAA89B87-4BF6-478B-B2A1-C945FC193FA2}.Release|Any CPU.Build.0 = Release|Any CPU
		{17AE047C-14D7-48F9-B2CF-C3DC85AF9B2C}.Debug|Any CPU.ActiveCfg = Debug|Any CPU
		{17AE047C-14D7-48F9-B2CF-C3DC85AF9B2C}.Debug|Any CPU.Build.0 = Debug|Any CPU
		{17AE047C-14D7-48F9-B2CF-C3DC85AF9B2C}.Release|Any CPU.ActiveCfg = Release|Any CPU
		{17AE047C-14D7-48F9-B2CF-C3DC85AF9B2C}.Release|Any CPU.Build.0 = Release|Any CPU
		{C75752AA-41DF-44B4-A773-87791545FB6D}.Debug|Any CPU.ActiveCfg = Debug|Any CPU
		{C75752AA-41DF-44B4-A773-87791545FB6D}.Debug|Any CPU.Build.0 = Debug|Any CPU
		{C75752AA-41DF-44B4-A773-87791545FB6D}.Release|Any CPU.ActiveCfg = Release|Any CPU
		{C75752AA-41DF-44B4-A773-87791545FB6D}.Release|Any CPU.Build.0 = Release|Any CPU
		{4E72D71D-3630-4FF2-939C-23A94918331F}.Debug|Any CPU.ActiveCfg = Debug|Any CPU
		{4E72D71D-3630-4FF2-939C-23A94918331F}.Debug|Any CPU.Build.0 = Debug|Any CPU
		{4E72D71D-3630-4FF2-939C-23A94918331F}.Release|Any CPU.ActiveCfg = Release|Any CPU
		{4E72D71D-3630-4FF2-939C-23A94918331F}.Release|Any CPU.Build.0 = Release|Any CPU
		{51F4E4F6-C8CD-4866-8F1E-D381B1CCA76E}.Debug|Any CPU.ActiveCfg = Debug|Any CPU
		{51F4E4F6-C8CD-4866-8F1E-D381B1CCA76E}.Debug|Any CPU.Build.0 = Debug|Any CPU
		{51F4E4F6-C8CD-4866-8F1E-D381B1CCA76E}.Release|Any CPU.ActiveCfg = Release|Any CPU
		{51F4E4F6-C8CD-4866-8F1E-D381B1CCA76E}.Release|Any CPU.Build.0 = Release|Any CPU
		{932E5FB2-9B85-4436-803D-50756720C9C0}.Debug|Any CPU.ActiveCfg = Debug|Any CPU
		{932E5FB2-9B85-4436-803D-50756720C9C0}.Debug|Any CPU.Build.0 = Debug|Any CPU
		{932E5FB2-9B85-4436-803D-50756720C9C0}.Release|Any CPU.ActiveCfg = Release|Any CPU
		{932E5FB2-9B85-4436-803D-50756720C9C0}.Release|Any CPU.Build.0 = Release|Any CPU
		{D7FBB9CC-A79C-4F97-B43D-32C30593DDC7}.Debug|Any CPU.ActiveCfg = Debug|Any CPU
		{D7FBB9CC-A79C-4F97-B43D-32C30593DDC7}.Debug|Any CPU.Build.0 = Debug|Any CPU
		{D7FBB9CC-A79C-4F97-B43D-32C30593DDC7}.Release|Any CPU.ActiveCfg = Release|Any CPU
		{D7FBB9CC-A79C-4F97-B43D-32C30593DDC7}.Release|Any CPU.Build.0 = Release|Any CPU
		{89F75C74-FB98-4AD5-93E4-63FEA855AA95}.Debug|Any CPU.ActiveCfg = Debug|Any CPU
		{89F75C74-FB98-4AD5-93E4-63FEA855AA95}.Debug|Any CPU.Build.0 = Debug|Any CPU
		{89F75C74-FB98-4AD5-93E4-63FEA855AA95}.Release|Any CPU.ActiveCfg = Release|Any CPU
		{89F75C74-FB98-4AD5-93E4-63FEA855AA95}.Release|Any CPU.Build.0 = Release|Any CPU
		{23EDB70A-3143-41A2-A0DD-B271E0305884}.Debug|Any CPU.ActiveCfg = Debug|Any CPU
		{23EDB70A-3143-41A2-A0DD-B271E0305884}.Debug|Any CPU.Build.0 = Debug|Any CPU
		{23EDB70A-3143-41A2-A0DD-B271E0305884}.Release|Any CPU.ActiveCfg = Release|Any CPU
		{23EDB70A-3143-41A2-A0DD-B271E0305884}.Release|Any CPU.Build.0 = Release|Any CPU
		{B291751B-D324-487F-8589-C176A029ED59}.Debug|Any CPU.ActiveCfg = Debug|Any CPU
		{B291751B-D324-487F-8589-C176A029ED59}.Debug|Any CPU.Build.0 = Debug|Any CPU
		{B291751B-D324-487F-8589-C176A029ED59}.Release|Any CPU.ActiveCfg = Release|Any CPU
		{B291751B-D324-487F-8589-C176A029ED59}.Release|Any CPU.Build.0 = Release|Any CPU
		{8D7405D7-8A5A-4C4A-B461-8E90E480477A}.Debug|Any CPU.ActiveCfg = Debug|Any CPU
		{8D7405D7-8A5A-4C4A-B461-8E90E480477A}.Debug|Any CPU.Build.0 = Debug|Any CPU
		{8D7405D7-8A5A-4C4A-B461-8E90E480477A}.Release|Any CPU.ActiveCfg = Release|Any CPU
		{8D7405D7-8A5A-4C4A-B461-8E90E480477A}.Release|Any CPU.Build.0 = Release|Any CPU
		{8B271767-93F4-45DE-8CFA-B623C3F80EB7}.Debug|Any CPU.ActiveCfg = Debug|Any CPU
		{8B271767-93F4-45DE-8CFA-B623C3F80EB7}.Debug|Any CPU.Build.0 = Debug|Any CPU
		{8B271767-93F4-45DE-8CFA-B623C3F80EB7}.Release|Any CPU.ActiveCfg = Release|Any CPU
		{8B271767-93F4-45DE-8CFA-B623C3F80EB7}.Release|Any CPU.Build.0 = Release|Any CPU
		{1004434C-4B8D-47C5-9485-A6CBC4E5B3A3}.Debug|Any CPU.ActiveCfg = Debug|Any CPU
		{1004434C-4B8D-47C5-9485-A6CBC4E5B3A3}.Debug|Any CPU.Build.0 = Debug|Any CPU
		{1004434C-4B8D-47C5-9485-A6CBC4E5B3A3}.Release|Any CPU.ActiveCfg = Release|Any CPU
		{1004434C-4B8D-47C5-9485-A6CBC4E5B3A3}.Release|Any CPU.Build.0 = Release|Any CPU
		{0D33A2BB-704B-407A-ADF9-66BDEF679463}.Debug|Any CPU.ActiveCfg = Debug|Any CPU
		{0D33A2BB-704B-407A-ADF9-66BDEF679463}.Debug|Any CPU.Build.0 = Debug|Any CPU
		{0D33A2BB-704B-407A-ADF9-66BDEF679463}.Release|Any CPU.ActiveCfg = Release|Any CPU
		{0D33A2BB-704B-407A-ADF9-66BDEF679463}.Release|Any CPU.Build.0 = Release|Any CPU
		{3F169513-617B-474A-AB6C-AA9F5753295D}.Debug|Any CPU.ActiveCfg = Debug|Any CPU
		{3F169513-617B-474A-AB6C-AA9F5753295D}.Debug|Any CPU.Build.0 = Debug|Any CPU
		{3F169513-617B-474A-AB6C-AA9F5753295D}.Release|Any CPU.ActiveCfg = Release|Any CPU
		{3F169513-617B-474A-AB6C-AA9F5753295D}.Release|Any CPU.Build.0 = Release|Any CPU
		{1CEFD6FB-4780-4996-B585-E920D1740FE5}.Debug|Any CPU.ActiveCfg = Debug|Any CPU
		{1CEFD6FB-4780-4996-B585-E920D1740FE5}.Debug|Any CPU.Build.0 = Debug|Any CPU
		{1CEFD6FB-4780-4996-B585-E920D1740FE5}.Release|Any CPU.ActiveCfg = Release|Any CPU
		{1CEFD6FB-4780-4996-B585-E920D1740FE5}.Release|Any CPU.Build.0 = Release|Any CPU
		{8819FF2F-3D18-45A3-8A25-78D9882D71FB}.Debug|Any CPU.ActiveCfg = Debug|Any CPU
		{8819FF2F-3D18-45A3-8A25-78D9882D71FB}.Debug|Any CPU.Build.0 = Debug|Any CPU
		{8819FF2F-3D18-45A3-8A25-78D9882D71FB}.Release|Any CPU.ActiveCfg = Release|Any CPU
		{8819FF2F-3D18-45A3-8A25-78D9882D71FB}.Release|Any CPU.Build.0 = Release|Any CPU
		{BB6765F8-7BFA-44C5-AC13-80C27FDEB2FF}.Debug|Any CPU.ActiveCfg = Debug|Any CPU
		{BB6765F8-7BFA-44C5-AC13-80C27FDEB2FF}.Debug|Any CPU.Build.0 = Debug|Any CPU
		{BB6765F8-7BFA-44C5-AC13-80C27FDEB2FF}.Release|Any CPU.ActiveCfg = Release|Any CPU
		{BB6765F8-7BFA-44C5-AC13-80C27FDEB2FF}.Release|Any CPU.Build.0 = Release|Any CPU
		{657C4E2E-9396-4FBA-895D-F3B17DAE78D2}.Debug|Any CPU.ActiveCfg = Debug|Any CPU
		{657C4E2E-9396-4FBA-895D-F3B17DAE78D2}.Debug|Any CPU.Build.0 = Debug|Any CPU
		{657C4E2E-9396-4FBA-895D-F3B17DAE78D2}.Release|Any CPU.ActiveCfg = Release|Any CPU
		{657C4E2E-9396-4FBA-895D-F3B17DAE78D2}.Release|Any CPU.Build.0 = Release|Any CPU
		{CD6E53AC-DE5A-4B4E-BA15-0653DD8D3BE0}.Debug|Any CPU.ActiveCfg = Debug|Any CPU
		{CD6E53AC-DE5A-4B4E-BA15-0653DD8D3BE0}.Debug|Any CPU.Build.0 = Debug|Any CPU
		{CD6E53AC-DE5A-4B4E-BA15-0653DD8D3BE0}.Release|Any CPU.ActiveCfg = Release|Any CPU
		{CD6E53AC-DE5A-4B4E-BA15-0653DD8D3BE0}.Release|Any CPU.Build.0 = Release|Any CPU
		{793AC734-3C22-4716-A0FA-4BD800DDCED1}.Debug|Any CPU.ActiveCfg = Debug|Any CPU
		{793AC734-3C22-4716-A0FA-4BD800DDCED1}.Debug|Any CPU.Build.0 = Debug|Any CPU
		{793AC734-3C22-4716-A0FA-4BD800DDCED1}.Release|Any CPU.ActiveCfg = Release|Any CPU
		{793AC734-3C22-4716-A0FA-4BD800DDCED1}.Release|Any CPU.Build.0 = Release|Any CPU
		{BA8227AF-97C6-4FE6-8FE9-DA7A0765EE49}.Debug|Any CPU.ActiveCfg = Debug|Any CPU
		{BA8227AF-97C6-4FE6-8FE9-DA7A0765EE49}.Debug|Any CPU.Build.0 = Debug|Any CPU
		{BA8227AF-97C6-4FE6-8FE9-DA7A0765EE49}.Release|Any CPU.ActiveCfg = Release|Any CPU
		{BA8227AF-97C6-4FE6-8FE9-DA7A0765EE49}.Release|Any CPU.Build.0 = Release|Any CPU
		{6F09AA43-FE31-4639-8EE5-959D067F4044}.Debug|Any CPU.ActiveCfg = Debug|Any CPU
		{6F09AA43-FE31-4639-8EE5-959D067F4044}.Debug|Any CPU.Build.0 = Debug|Any CPU
		{6F09AA43-FE31-4639-8EE5-959D067F4044}.Release|Any CPU.ActiveCfg = Release|Any CPU
		{6F09AA43-FE31-4639-8EE5-959D067F4044}.Release|Any CPU.Build.0 = Release|Any CPU
		{22A81C6F-2EE8-45E9-8290-78C71B0A5CA0}.Debug|Any CPU.ActiveCfg = Debug|Any CPU
		{22A81C6F-2EE8-45E9-8290-78C71B0A5CA0}.Debug|Any CPU.Build.0 = Debug|Any CPU
		{22A81C6F-2EE8-45E9-8290-78C71B0A5CA0}.Release|Any CPU.ActiveCfg = Release|Any CPU
		{22A81C6F-2EE8-45E9-8290-78C71B0A5CA0}.Release|Any CPU.Build.0 = Release|Any CPU
		{0588B361-BA42-4D6C-AC92-37D58A825C72}.Debug|Any CPU.ActiveCfg = Debug|Any CPU
		{0588B361-BA42-4D6C-AC92-37D58A825C72}.Debug|Any CPU.Build.0 = Debug|Any CPU
		{0588B361-BA42-4D6C-AC92-37D58A825C72}.Release|Any CPU.ActiveCfg = Release|Any CPU
		{0588B361-BA42-4D6C-AC92-37D58A825C72}.Release|Any CPU.Build.0 = Release|Any CPU
		{3F1225D6-736F-45DA-B393-31A049952EC4}.Debug|Any CPU.ActiveCfg = Debug|Any CPU
		{3F1225D6-736F-45DA-B393-31A049952EC4}.Debug|Any CPU.Build.0 = Debug|Any CPU
		{3F1225D6-736F-45DA-B393-31A049952EC4}.Release|Any CPU.ActiveCfg = Release|Any CPU
		{3F1225D6-736F-45DA-B393-31A049952EC4}.Release|Any CPU.Build.0 = Release|Any CPU
		{0291DF6E-E09B-4EFA-9A59-611ECC93FD97}.Debug|Any CPU.ActiveCfg = Debug|Any CPU
		{0291DF6E-E09B-4EFA-9A59-611ECC93FD97}.Debug|Any CPU.Build.0 = Debug|Any CPU
		{0291DF6E-E09B-4EFA-9A59-611ECC93FD97}.Release|Any CPU.ActiveCfg = Release|Any CPU
		{0291DF6E-E09B-4EFA-9A59-611ECC93FD97}.Release|Any CPU.Build.0 = Release|Any CPU
		{04B41563-A404-4FA1-9529-5E6589C72F22}.Debug|Any CPU.ActiveCfg = Debug|Any CPU
		{04B41563-A404-4FA1-9529-5E6589C72F22}.Debug|Any CPU.Build.0 = Debug|Any CPU
		{04B41563-A404-4FA1-9529-5E6589C72F22}.Release|Any CPU.ActiveCfg = Release|Any CPU
		{04B41563-A404-4FA1-9529-5E6589C72F22}.Release|Any CPU.Build.0 = Release|Any CPU
		{C997E966-3152-4F21-8E7C-3E20F138BB77}.Debug|Any CPU.ActiveCfg = Debug|Any CPU
		{C997E966-3152-4F21-8E7C-3E20F138BB77}.Debug|Any CPU.Build.0 = Debug|Any CPU
		{C997E966-3152-4F21-8E7C-3E20F138BB77}.Release|Any CPU.ActiveCfg = Release|Any CPU
		{C997E966-3152-4F21-8E7C-3E20F138BB77}.Release|Any CPU.Build.0 = Release|Any CPU
		{51AFDA3C-6509-44C9-AA11-FECAF5602590}.Debug|Any CPU.ActiveCfg = Debug|Any CPU
		{51AFDA3C-6509-44C9-AA11-FECAF5602590}.Debug|Any CPU.Build.0 = Debug|Any CPU
		{51AFDA3C-6509-44C9-AA11-FECAF5602590}.Release|Any CPU.ActiveCfg = Release|Any CPU
		{51AFDA3C-6509-44C9-AA11-FECAF5602590}.Release|Any CPU.Build.0 = Release|Any CPU
		{2054684B-818E-4599-A42A-508F029D134F}.Debug|Any CPU.ActiveCfg = Debug|Any CPU
		{2054684B-818E-4599-A42A-508F029D134F}.Debug|Any CPU.Build.0 = Debug|Any CPU
		{2054684B-818E-4599-A42A-508F029D134F}.Release|Any CPU.ActiveCfg = Release|Any CPU
		{2054684B-818E-4599-A42A-508F029D134F}.Release|Any CPU.Build.0 = Release|Any CPU
		{39A1F698-A6C3-4349-8F41-49CAF7F0BAA9}.Debug|Any CPU.ActiveCfg = Debug|Any CPU
		{39A1F698-A6C3-4349-8F41-49CAF7F0BAA9}.Debug|Any CPU.Build.0 = Debug|Any CPU
		{39A1F698-A6C3-4349-8F41-49CAF7F0BAA9}.Release|Any CPU.ActiveCfg = Release|Any CPU
		{39A1F698-A6C3-4349-8F41-49CAF7F0BAA9}.Release|Any CPU.Build.0 = Release|Any CPU
		{F7FC870D-095E-4C0A-AFA5-25F2E07208AE}.Debug|Any CPU.ActiveCfg = Debug|Any CPU
		{F7FC870D-095E-4C0A-AFA5-25F2E07208AE}.Debug|Any CPU.Build.0 = Debug|Any CPU
		{F7FC870D-095E-4C0A-AFA5-25F2E07208AE}.Release|Any CPU.ActiveCfg = Release|Any CPU
		{F7FC870D-095E-4C0A-AFA5-25F2E07208AE}.Release|Any CPU.Build.0 = Release|Any CPU
		{312B29EE-0B1E-4F31-B0C4-C4BE5FB562DB}.Debug|Any CPU.ActiveCfg = Debug|Any CPU
		{312B29EE-0B1E-4F31-B0C4-C4BE5FB562DB}.Debug|Any CPU.Build.0 = Debug|Any CPU
		{312B29EE-0B1E-4F31-B0C4-C4BE5FB562DB}.Release|Any CPU.ActiveCfg = Release|Any CPU
		{312B29EE-0B1E-4F31-B0C4-C4BE5FB562DB}.Release|Any CPU.Build.0 = Release|Any CPU
		{6E27A51F-9A38-43C5-AFC5-3C3DCAEEC597}.Debug|Any CPU.ActiveCfg = Debug|Any CPU
		{6E27A51F-9A38-43C5-AFC5-3C3DCAEEC597}.Debug|Any CPU.Build.0 = Debug|Any CPU
		{6E27A51F-9A38-43C5-AFC5-3C3DCAEEC597}.Release|Any CPU.ActiveCfg = Release|Any CPU
		{6E27A51F-9A38-43C5-AFC5-3C3DCAEEC597}.Release|Any CPU.Build.0 = Release|Any CPU
	EndGlobalSection
	GlobalSection(SolutionProperties) = preSolution
		HideSolutionNode = FALSE
	EndGlobalSection
	GlobalSection(ExtensibilityGlobals) = postSolution
		SolutionGuid = {09C728CC-E65D-43E0-8734-025078CCD540}
	EndGlobalSection
EndGlobal
